
Microsoft Visual Studio Solution File, Format Version 12.00
# Visual Studio 14
VisualStudioVersion = 14.0.25420.1
MinimumVisualStudioVersion = 10.0.40219.1
Project("{FAE04EC0-301F-11D3-BF4B-00C04F79EFBC}") = "01. Define a Class Person", "Defining Classes - Exercise\01. Define a Class Person.csproj", "{39385E76-4639-4EF4-8AAA-492D5F8526F8}"
EndProject
Project("{FAE04EC0-301F-11D3-BF4B-00C04F79EFBC}") = "02. Opinion Poll", "02. Opinion Poll\02. Opinion Poll.csproj", "{1899726B-DE47-43A9-81BF-CDB2E803420F}"
EndProject
Project("{FAE04EC0-301F-11D3-BF4B-00C04F79EFBC}") = "03. Date Modifier", "03. Date Modifier\03. Date Modifier.csproj", "{035AD7CC-2092-4B0C-92A6-7C6A01C62B52}"
EndProject
Project("{FAE04EC0-301F-11D3-BF4B-00C04F79EFBC}") = "06. Company Roster", "06. Company Roster\06. Company Roster.csproj", "{D46C05ED-2A93-4F59-B4D8-F97B366A1B5F}"
EndProject
Project("{FAE04EC0-301F-11D3-BF4B-00C04F79EFBC}") = "07. Speed Racing", "07. Speed Racing\07. Speed Racing.csproj", "{353280BC-EEC8-40C9-9ABC-C56403C26391}"
EndProject
Project("{FAE04EC0-301F-11D3-BF4B-00C04F79EFBC}") = "08. Raw Data", "08. Raw Data\08. Raw Data.csproj", "{B4ECCDE7-6C62-45FE-B78C-EE79637045BF}"
EndProject
Global
	GlobalSection(SolutionConfigurationPlatforms) = preSolution
		Debug|Any CPU = Debug|Any CPU
		Release|Any CPU = Release|Any CPU
	EndGlobalSection
	GlobalSection(ProjectConfigurationPlatforms) = postSolution
		{39385E76-4639-4EF4-8AAA-492D5F8526F8}.Debug|Any CPU.ActiveCfg = Debug|Any CPU
		{39385E76-4639-4EF4-8AAA-492D5F8526F8}.Debug|Any CPU.Build.0 = Debug|Any CPU
		{39385E76-4639-4EF4-8AAA-492D5F8526F8}.Release|Any CPU.ActiveCfg = Release|Any CPU
		{39385E76-4639-4EF4-8AAA-492D5F8526F8}.Release|Any CPU.Build.0 = Release|Any CPU
		{1899726B-DE47-43A9-81BF-CDB2E803420F}.Debug|Any CPU.ActiveCfg = Debug|Any CPU
		{1899726B-DE47-43A9-81BF-CDB2E803420F}.Debug|Any CPU.Build.0 = Debug|Any CPU
		{1899726B-DE47-43A9-81BF-CDB2E803420F}.Release|Any CPU.ActiveCfg = Release|Any CPU
		{1899726B-DE47-43A9-81BF-CDB2E803420F}.Release|Any CPU.Build.0 = Release|Any CPU
		{035AD7CC-2092-4B0C-92A6-7C6A01C62B52}.Debug|Any CPU.ActiveCfg = Debug|Any CPU
		{035AD7CC-2092-4B0C-92A6-7C6A01C62B52}.Debug|Any CPU.Build.0 = Debug|Any CPU
		{035AD7CC-2092-4B0C-92A6-7C6A01C62B52}.Release|Any CPU.ActiveCfg = Release|Any CPU
		{035AD7CC-2092-4B0C-92A6-7C6A01C62B52}.Release|Any CPU.Build.0 = Release|Any CPU
		{D46C05ED-2A93-4F59-B4D8-F97B366A1B5F}.Debug|Any CPU.ActiveCfg = Debug|Any CPU
		{D46C05ED-2A93-4F59-B4D8-F97B366A1B5F}.Debug|Any CPU.Build.0 = Debug|Any CPU
		{D46C05ED-2A93-4F59-B4D8-F97B366A1B5F}.Release|Any CPU.ActiveCfg = Release|Any CPU
		{D46C05ED-2A93-4F59-B4D8-F97B366A1B5F}.Release|Any CPU.Build.0 = Release|Any CPU
		{353280BC-EEC8-40C9-9ABC-C56403C26391}.Debug|Any CPU.ActiveCfg = Debug|Any CPU
		{353280BC-EEC8-40C9-9ABC-C56403C26391}.Debug|Any CPU.Build.0 = Debug|Any CPU
		{353280BC-EEC8-40C9-9ABC-C56403C26391}.Release|Any CPU.ActiveCfg = Release|Any CPU
		{353280BC-EEC8-40C9-9ABC-C56403C26391}.Release|Any CPU.Build.0 = Release|Any CPU
		{B4ECCDE7-6C62-45FE-B78C-EE79637045BF}.Debug|Any CPU.ActiveCfg = Debug|Any CPU
		{B4ECCDE7-6C62-45FE-B78C-EE79637045BF}.Debug|Any CPU.Build.0 = Debug|Any CPU
		{B4ECCDE7-6C62-45FE-B78C-EE79637045BF}.Release|Any CPU.ActiveCfg = Release|Any CPU
		{B4ECCDE7-6C62-45FE-B78C-EE79637045BF}.Release|Any CPU.Build.0 = Release|Any CPU
	EndGlobalSection
	GlobalSection(SolutionProperties) = preSolution
		HideSolutionNode = FALSE
	EndGlobalSection
EndGlobal
